<?xml version="1.0" encoding="utf-8"?>
<Project ToolsVersion="4.0" xmlns="http://schemas.microsoft.com/developer/msbuild/2003">
  <ItemGroup>
    <Filter Include="ContentsObject">
      <UniqueIdentifier>{a882c4f3-a469-43ce-afa6-c2b55712cf08}</UniqueIdentifier>
    </Filter>
    <Filter Include="PrecompiledHeader">
      <UniqueIdentifier>{560b7fab-8778-4377-98de-32fab1017867}</UniqueIdentifier>
    </Filter>
    <Filter Include="Core">
      <UniqueIdentifier>{76bc92c4-50ef-4245-a5e6-c1533acf7f36}</UniqueIdentifier>
    </Filter>
    <Filter Include="ContentsObject\GameMode">
      <UniqueIdentifier>{640d94f4-d09c-416f-9b48-76f15a75181f}</UniqueIdentifier>
    </Filter>
    <Filter Include="ContentsObject\Global">
      <UniqueIdentifier>{321e988c-73d9-46aa-a6a9-08748132e085}</UniqueIdentifier>
    </Filter>
    <Filter Include="ContentsObject\Play">
      <UniqueIdentifier>{2ad6b0cb-af63-4756-a36f-d70c0bcd3351}</UniqueIdentifier>
    </Filter>
    <Filter Include="ContentsObject\Actor">
      <UniqueIdentifier>{07d994fd-2f3f-4c43-8682-1cf2addabfd8}</UniqueIdentifier>
    </Filter>
  </ItemGroup>
  <ItemGroup>
    <ClCompile Include="aepch.cpp">
      <Filter>PrecompiledHeader</Filter>
    </ClCompile>
    <ClCompile Include="PuyoPuyoContentsCore.cpp">
      <Filter>Core</Filter>
    </ClCompile>
    <ClCompile Include="PlayGameMode.cpp">
      <Filter>ContentsObject\GameMode</Filter>
    </ClCompile>
    <ClCompile Include="Player.cpp">
      <Filter>ContentsObject\Global</Filter>
    </ClCompile>
    <ClCompile Include="PlayMap.cpp">
      <Filter>ContentsObject\Play</Filter>
    </ClCompile>
    <ClCompile Include="IntroGameMode.cpp">
      <Filter>ContentsObject\GameMode</Filter>
    </ClCompile>
    <ClCompile Include="PuyoBoard.cpp">
      <Filter>ContentsObject\Actor</Filter>
    </ClCompile>
    <ClCompile Include="Puyo.cpp">
      <Filter>ContentsObject\Actor</Filter>
    </ClCompile>
  </ItemGroup>
  <ItemGroup>
    <ClInclude Include="aepch.h">
      <Filter>PrecompiledHeader</Filter>
    </ClInclude>
    <ClInclude Include="PuyoPuyoContentsCore.h">
      <Filter>Core</Filter>
    </ClInclude>
    <ClInclude Include="PlayGameMode.h">
      <Filter>ContentsObject\GameMode</Filter>
    </ClInclude>
    <ClInclude Include="Player.h">
      <Filter>ContentsObject\Global</Filter>
    </ClInclude>
    <ClInclude Include="PlayMap.h">
      <Filter>ContentsObject\Play</Filter>
    </ClInclude>
    <ClInclude Include="IntroGameMode.h">
      <Filter>ContentsObject\GameMode</Filter>
    </ClInclude>
    <ClInclude Include="PuyoBoard.h">
      <Filter>ContentsObject\Actor</Filter>
    </ClInclude>
    <ClInclude Include="Puyo.h">
      <Filter>ContentsObject\Actor</Filter>
    </ClInclude>
  </ItemGroup>
</Project>