<?xml version="1.0" encoding="utf-8"?>
<Project ToolsVersion="4.0" xmlns="http://schemas.microsoft.com/developer/msbuild/2003">
  <ItemGroup>
    <Filter Include="ContentsObject">
      <UniqueIdentifier>{a882c4f3-a469-43ce-afa6-c2b55712cf08}</UniqueIdentifier>
    </Filter>
    <Filter Include="PrecompiledHeader">
      <UniqueIdentifier>{560b7fab-8778-4377-98de-32fab1017867}</UniqueIdentifier>
    </Filter>
    <Filter Include="Core">
      <UniqueIdentifier>{76bc92c4-50ef-4245-a5e6-c1533acf7f36}</UniqueIdentifier>
    </Filter>
    <Filter Include="ContentsObject\GameMode">
      <UniqueIdentifier>{640d94f4-d09c-416f-9b48-76f15a75181f}</UniqueIdentifier>
    </Filter>
    <Filter Include="ContentsObject\Play">
      <UniqueIdentifier>{2ad6b0cb-af63-4756-a36f-d70c0bcd3351}</UniqueIdentifier>
    </Filter>
    <Filter Include="ContentsObject\Intro">
      <UniqueIdentifier>{be6e8079-d32f-4750-9174-07037cb598bf}</UniqueIdentifier>
    </Filter>
    <Filter Include="ContentsObject\Text">
      <UniqueIdentifier>{51ab49ce-8988-4e0d-9684-0c8bdb7fb779}</UniqueIdentifier>
    </Filter>
    <Filter Include="ContentsObject\Menu">
      <UniqueIdentifier>{b5760ea0-8dfe-4995-b518-93692df60794}</UniqueIdentifier>
    </Filter>
    <Filter Include="ContentsObject\DummyPawn">
      <UniqueIdentifier>{321e988c-73d9-46aa-a6a9-08748132e085}</UniqueIdentifier>
    </Filter>
    <Filter Include="ContentsObject\Intro\Actor">
      <UniqueIdentifier>{ad47877f-f5ca-4d7f-86fc-7c3d905d021a}</UniqueIdentifier>
    </Filter>
    <Filter Include="ContentsObject\Menu\Actor">
      <UniqueIdentifier>{b5e42502-ae70-4dbd-90a2-ebd68bf500a3}</UniqueIdentifier>
    </Filter>
    <Filter Include="ContentsObject\Play\Solo">
      <UniqueIdentifier>{f5f9a8a9-50f6-4d57-8082-fd9e12b2f65b}</UniqueIdentifier>
    </Filter>
    <Filter Include="ContentsObject\Play\Together">
      <UniqueIdentifier>{dc593e12-f4c7-4dfc-a384-5d57d4db523f}</UniqueIdentifier>
    </Filter>
    <Filter Include="ContentsObject\Play\Actor">
      <UniqueIdentifier>{07d994fd-2f3f-4c43-8682-1cf2addabfd8}</UniqueIdentifier>
    </Filter>
    <Filter Include="ContentsObject\Global">
      <UniqueIdentifier>{b9662924-ef07-47f3-a908-b1e8c3c968b0}</UniqueIdentifier>
    </Filter>
    <Filter Include="ContentsObject\Global\PostProcess">
      <UniqueIdentifier>{4d6f9629-dee1-42e1-b3bc-32daef29c538}</UniqueIdentifier>
    </Filter>
  </ItemGroup>
  <ItemGroup>
    <ClCompile Include="aepch.cpp">
      <Filter>PrecompiledHeader</Filter>
    </ClCompile>
    <ClCompile Include="PuyoPuyoContentsCore.cpp">
      <Filter>Core</Filter>
    </ClCompile>
    <ClCompile Include="TogetherPlayGameMode.cpp">
      <Filter>ContentsObject\GameMode</Filter>
    </ClCompile>
    <ClCompile Include="DummyPawn.cpp">
      <Filter>ContentsObject\DummyPawn</Filter>
    </ClCompile>
    <ClCompile Include="PlayBackground.cpp">
      <Filter>ContentsObject\Play</Filter>
    </ClCompile>
    <ClCompile Include="IntroGameMode.cpp">
      <Filter>ContentsObject\GameMode</Filter>
    </ClCompile>
    <ClCompile Include="PuyoBoard.cpp">
      <Filter>ContentsObject\Play\Actor</Filter>
    </ClCompile>
    <ClCompile Include="Puyo.cpp">
      <Filter>ContentsObject\Play\Actor</Filter>
    </ClCompile>
    <ClCompile Include="MenuGameMode.cpp">
      <Filter>ContentsObject\GameMode</Filter>
    </ClCompile>
    <ClCompile Include="PuyoText.cpp">
      <Filter>ContentsObject\Text</Filter>
    </ClCompile>
    <ClCompile Include="SoloMenuGameMode.cpp">
      <Filter>ContentsObject\GameMode</Filter>
    </ClCompile>
    <ClCompile Include="PuyoBoomFX.cpp">
      <Filter>ContentsObject\Play\Actor</Filter>
    </ClCompile>
    <ClCompile Include="IntroBackground.cpp">
      <Filter>ContentsObject\Intro\Actor</Filter>
    </ClCompile>
    <ClCompile Include="CarbuncleMenu.cpp">
      <Filter>ContentsObject\Menu\Actor</Filter>
    </ClCompile>
    <ClCompile Include="MenuBackground.cpp">
      <Filter>ContentsObject\Menu\Actor</Filter>
    </ClCompile>
    <ClCompile Include="SoloMenuBackground.cpp">
      <Filter>ContentsObject\Play\Solo</Filter>
    </ClCompile>
    <ClCompile Include="PuyoChainText.cpp">
      <Filter>ContentsObject\Text</Filter>
    </ClCompile>
    <ClCompile Include="Fader.cpp">
      <Filter>ContentsObject\Global</Filter>
    </ClCompile>
    <ClCompile Include="PublisherLogo.cpp">
      <Filter>ContentsObject\Intro\Actor</Filter>
    </ClCompile>
    <ClCompile Include="OpeningPuyo.cpp">
      <Filter>ContentsObject\Intro\Actor</Filter>
    </ClCompile>
    <ClCompile Include="ThunderBackground.cpp">
      <Filter>ContentsObject\Intro\Actor</Filter>
    </ClCompile>
    <ClCompile Include="PuyoChainFX.cpp">
      <Filter>ContentsObject\Play\Actor</Filter>
    </ClCompile>
    <ClCompile Include="OpeningRoll.cpp">
      <Filter>ContentsObject\Intro\Actor</Filter>
    </ClCompile>
    <ClCompile Include="PuyoBoardShake.cpp">
      <Filter>ContentsObject\Global\PostProcess</Filter>
    </ClCompile>
    <ClCompile Include="OpeningCar.cpp">
      <Filter>ContentsObject\Intro\Actor</Filter>
    </ClCompile>
    <ClCompile Include="OpeningArle.cpp">
      <Filter>ContentsObject\Intro\Actor</Filter>
    </ClCompile>
    <ClCompile Include="GameOverText.cpp">
      <Filter>ContentsObject\Play\Actor</Filter>
    </ClCompile>
    <ClCompile Include="TogetherMenuGameMode.cpp">
      <Filter>ContentsObject\GameMode</Filter>
    </ClCompile>
    <ClCompile Include="TogetherMenuBackground.cpp">
      <Filter>ContentsObject\Play\Together</Filter>
    </ClCompile>
  </ItemGroup>
  <ItemGroup>
    <ClInclude Include="aepch.h">
      <Filter>PrecompiledHeader</Filter>
    </ClInclude>
    <ClInclude Include="PuyoPuyoContentsCore.h">
      <Filter>Core</Filter>
    </ClInclude>
    <ClInclude Include="TogetherPlayGameMode.h">
      <Filter>ContentsObject\GameMode</Filter>
    </ClInclude>
    <ClInclude Include="DummyPawn.h">
      <Filter>ContentsObject\DummyPawn</Filter>
    </ClInclude>
    <ClInclude Include="PlayBackground.h">
      <Filter>ContentsObject\Play</Filter>
    </ClInclude>
    <ClInclude Include="IntroGameMode.h">
      <Filter>ContentsObject\GameMode</Filter>
    </ClInclude>
    <ClInclude Include="PuyoBoard.h">
      <Filter>ContentsObject\Play\Actor</Filter>
    </ClInclude>
    <ClInclude Include="Puyo.h">
      <Filter>ContentsObject\Play\Actor</Filter>
    </ClInclude>
    <ClInclude Include="MenuGameMode.h">
      <Filter>ContentsObject\GameMode</Filter>
    </ClInclude>
    <ClInclude Include="PuyoText.h">
      <Filter>ContentsObject\Text</Filter>
    </ClInclude>
    <ClInclude Include="SoloMenuGameMode.h">
      <Filter>ContentsObject\GameMode</Filter>
    </ClInclude>
    <ClInclude Include="PuyoBoomFX.h">
      <Filter>ContentsObject\Play\Actor</Filter>
    </ClInclude>
    <ClInclude Include="IntroBackground.h">
      <Filter>ContentsObject\Intro\Actor</Filter>
    </ClInclude>
    <ClInclude Include="CarbuncleMenu.h">
      <Filter>ContentsObject\Menu\Actor</Filter>
    </ClInclude>
    <ClInclude Include="MenuBackground.h">
      <Filter>ContentsObject\Menu\Actor</Filter>
    </ClInclude>
    <ClInclude Include="SoloMenuBackground.h">
      <Filter>ContentsObject\Play\Solo</Filter>
    </ClInclude>
    <ClInclude Include="ContentsEnums.h">
      <Filter>ContentsObject\Global</Filter>
    </ClInclude>
    <ClInclude Include="PuyoChainText.h">
      <Filter>ContentsObject\Text</Filter>
    </ClInclude>
    <ClInclude Include="Fader.h">
      <Filter>ContentsObject\Global</Filter>
    </ClInclude>
    <ClInclude Include="PublisherLogo.h">
      <Filter>ContentsObject\Intro\Actor</Filter>
    </ClInclude>
    <ClInclude Include="OpeningPuyo.h">
      <Filter>ContentsObject\Intro\Actor</Filter>
    </ClInclude>
    <ClInclude Include="ThunderBackground.h">
      <Filter>ContentsObject\Intro\Actor</Filter>
    </ClInclude>
    <ClInclude Include="PuyoChainFX.h">
      <Filter>ContentsObject\Play\Actor</Filter>
    </ClInclude>
    <ClInclude Include="OpeningRoll.h">
      <Filter>ContentsObject\Intro\Actor</Filter>
    </ClInclude>
    <ClInclude Include="PuyoBoardShake.h">
      <Filter>ContentsObject\Global\PostProcess</Filter>
    </ClInclude>
    <ClInclude Include="ScoringTable.h">
      <Filter>ContentsObject\Global</Filter>
    </ClInclude>
    <ClInclude Include="OpeningCar.h">
      <Filter>ContentsObject\Intro\Actor</Filter>
    </ClInclude>
    <ClInclude Include="OpeningArle.h">
      <Filter>ContentsObject\Intro\Actor</Filter>
    </ClInclude>
    <ClInclude Include="GameOverText.h">
      <Filter>ContentsObject\Play\Actor</Filter>
    </ClInclude>
    <ClInclude Include="TogetherMenuGameMode.h">
      <Filter>ContentsObject\GameMode</Filter>
    </ClInclude>
    <ClInclude Include="TogetherMenuBackground.h">
      <Filter>ContentsObject\Play\Together</Filter>
    </ClInclude>
  </ItemGroup>
</Project>