<?xml version="1.0" encoding="utf-8"?>
<Project ToolsVersion="4.0" xmlns="http://schemas.microsoft.com/developer/msbuild/2003">
  <ItemGroup>
    <ClCompile Include="EngineAPICore.cpp">
      <Filter>Core</Filter>
    </ClCompile>
    <ClCompile Include="aepch.cpp">
      <Filter>PrecompiledHeader</Filter>
    </ClCompile>
    <ClCompile Include="Level.cpp">
      <Filter>Object\Level</Filter>
    </ClCompile>
    <ClCompile Include="EngineSprite.cpp">
      <Filter>Resources</Filter>
    </ClCompile>
    <ClCompile Include="ActorComponent.cpp">
      <Filter>Object\Component</Filter>
    </ClCompile>
    <ClCompile Include="SceneComponent.cpp">
      <Filter>Object\Component</Filter>
    </ClCompile>
    <ClCompile Include="SpriteRendererComponent.cpp">
      <Filter>Object\Component\Rendering</Filter>
    </ClCompile>
    <ClCompile Include="Collision2DComponent.cpp">
      <Filter>Object\Component\Collision</Filter>
    </ClCompile>
    <ClCompile Include="EngineDebugHelper.cpp">
      <Filter>Helper\Debug</Filter>
    </ClCompile>
    <ClCompile Include="AnimatorComponent.cpp">
      <Filter>Object\Component\Rendering</Filter>
    </ClCompile>
    <ClCompile Include="EngineAnimation.cpp">
      <Filter>Resources</Filter>
    </ClCompile>
    <ClCompile Include="Tilemap.cpp">
      <Filter>Object\Actor\Tilemap</Filter>
    </ClCompile>
    <ClCompile Include="Actor.cpp">
      <Filter>Object\Actor</Filter>
    </ClCompile>
    <ClCompile Include="GameMode.cpp">
      <Filter>Object\Actor\GameMode</Filter>
    </ClCompile>
    <ClCompile Include="ImageManager.cpp">
      <Filter>Resources\ResourceManager</Filter>
    </ClCompile>
    <ClCompile Include="AudioManager.cpp">
      <Filter>Resources\ResourceManager</Filter>
    </ClCompile>
    <ClCompile Include="InputComponent.cpp">
      <Filter>Object\Component\Input</Filter>
    </ClCompile>
    <ClCompile Include="EnginePostProcess.cpp">
      <Filter>Core</Filter>
    </ClCompile>
    <ClCompile Include="Controller.cpp">
      <Filter>Object\Actor\Controller</Filter>
    </ClCompile>
    <ClCompile Include="EngineKeyEvent.cpp">
      <Filter>KeyEvent</Filter>
    </ClCompile>
    <ClCompile Include="PlayerController.cpp">
      <Filter>Object\Actor\Controller</Filter>
    </ClCompile>
    <ClCompile Include="AIController.cpp">
      <Filter>Object\Actor\Controller</Filter>
    </ClCompile>
  </ItemGroup>
  <ItemGroup>
    <ClInclude Include="EngineAPICore.h">
      <Filter>Core</Filter>
    </ClInclude>
    <ClInclude Include="aepch.h">
      <Filter>PrecompiledHeader</Filter>
    </ClInclude>
    <ClInclude Include="Level.h">
      <Filter>Object\Level</Filter>
    </ClInclude>
    <ClInclude Include="EngineSprite.h">
      <Filter>Resources</Filter>
    </ClInclude>
    <ClInclude Include="ActorComponent.h">
      <Filter>Object\Component</Filter>
    </ClInclude>
    <ClInclude Include="SceneComponent.h">
      <Filter>Object\Component</Filter>
    </ClInclude>
    <ClInclude Include="SpriteRendererComponent.h">
      <Filter>Object\Component\Rendering</Filter>
    </ClInclude>
    <ClInclude Include="Collision2DComponent.h">
      <Filter>Object\Component\Collision</Filter>
    </ClInclude>
    <ClInclude Include="EngineDebugHelper.h">
      <Filter>Helper\Debug</Filter>
    </ClInclude>
    <ClInclude Include="AnimatorComponent.h">
      <Filter>Object\Component\Rendering</Filter>
    </ClInclude>
    <ClInclude Include="EngineAnimation.h">
      <Filter>Resources</Filter>
    </ClInclude>
    <ClInclude Include="Tilemap.h">
      <Filter>Object\Actor\Tilemap</Filter>
    </ClInclude>
    <ClInclude Include="Actor.h">
      <Filter>Object\Actor</Filter>
    </ClInclude>
    <ClInclude Include="GameMode.h">
      <Filter>Object\Actor\GameMode</Filter>
    </ClInclude>
    <ClInclude Include="ImageManager.h">
      <Filter>Resources\ResourceManager</Filter>
    </ClInclude>
    <ClInclude Include="AudioManager.h">
      <Filter>Resources\ResourceManager</Filter>
    </ClInclude>
    <ClInclude Include="InputComponent.h">
      <Filter>Object\Component\Input</Filter>
    </ClInclude>
    <ClInclude Include="ContentsCore.h">
      <Filter>Core</Filter>
    </ClInclude>
    <ClInclude Include="EnginePostProcess.h">
      <Filter>Core</Filter>
    </ClInclude>
    <ClInclude Include="Controller.h">
      <Filter>Object\Actor\Controller</Filter>
    </ClInclude>
    <ClInclude Include="EngineKeyEvent.h">
      <Filter>KeyEvent</Filter>
    </ClInclude>
    <ClInclude Include="PlayerController.h">
      <Filter>Object\Actor\Controller</Filter>
    </ClInclude>
    <ClInclude Include="AIController.h">
      <Filter>Object\Actor\Controller</Filter>
    </ClInclude>
  </ItemGroup>
  <ItemGroup>
    <Filter Include="Core">
      <UniqueIdentifier>{5ed53de0-8aac-431b-8c7c-8495eede70fb}</UniqueIdentifier>
    </Filter>
    <Filter Include="Object">
      <UniqueIdentifier>{c75df3a6-c19d-4b1a-8c32-d75a3e73261e}</UniqueIdentifier>
    </Filter>
    <Filter Include="PrecompiledHeader">
      <UniqueIdentifier>{ba85a7d2-c4e6-4683-816d-a248e4633ae5}</UniqueIdentifier>
    </Filter>
    <Filter Include="Object\Level">
      <UniqueIdentifier>{b8026643-6aad-4ced-83b8-ec3e789fe5ee}</UniqueIdentifier>
    </Filter>
    <Filter Include="Object\Actor">
      <UniqueIdentifier>{7e79f116-6575-4ab1-950b-64d4afef4f97}</UniqueIdentifier>
    </Filter>
    <Filter Include="Resources">
      <UniqueIdentifier>{cdf80cb4-4efb-4f30-86ee-9cb4e8b91976}</UniqueIdentifier>
    </Filter>
    <Filter Include="Helper">
      <UniqueIdentifier>{db292efc-c489-4e11-9d3c-dfa93dbac406}</UniqueIdentifier>
    </Filter>
    <Filter Include="Helper\Debug">
      <UniqueIdentifier>{81f21645-7bed-4be9-8ea3-f0971c1103b2}</UniqueIdentifier>
    </Filter>
    <Filter Include="Object\Component">
      <UniqueIdentifier>{8a038052-1784-4a40-b81c-f83dbe9157c4}</UniqueIdentifier>
    </Filter>
    <Filter Include="Object\Component\Rendering">
      <UniqueIdentifier>{d7f4eed3-2002-4f5b-b401-d84568bb92dd}</UniqueIdentifier>
    </Filter>
    <Filter Include="Object\Component\Collision">
      <UniqueIdentifier>{a5025ddb-abcf-4460-a091-b831ca42396e}</UniqueIdentifier>
    </Filter>
    <Filter Include="Object\Actor\GameMode">
      <UniqueIdentifier>{38214da3-e021-4d1d-b92d-dc4c3db64c9a}</UniqueIdentifier>
    </Filter>
    <Filter Include="Object\Actor\Tilemap">
      <UniqueIdentifier>{bf38cff2-3122-4069-a27b-0f9771102e99}</UniqueIdentifier>
    </Filter>
    <Filter Include="Resources\ResourceManager">
      <UniqueIdentifier>{77c32583-b5ca-4a92-952c-3ee7c141a525}</UniqueIdentifier>
    </Filter>
    <Filter Include="ThirdParty">
      <UniqueIdentifier>{fb17fa4d-ff31-4577-b15a-eeb877fb93a7}</UniqueIdentifier>
    </Filter>
    <Filter Include="ThirdParty\FMOD">
      <UniqueIdentifier>{2d353c83-a4ec-4511-89e2-930b72a5ba68}</UniqueIdentifier>
    </Filter>
    <Filter Include="ThirdParty\FMOD\Debug">
      <UniqueIdentifier>{b88a74a6-59cb-4c69-9460-cb5d280e934d}</UniqueIdentifier>
    </Filter>
    <Filter Include="ThirdParty\FMOD\Release">
      <UniqueIdentifier>{a5e348dc-be36-4dc4-9c02-8a37953c153c}</UniqueIdentifier>
    </Filter>
    <Filter Include="Object\Component\Input">
      <UniqueIdentifier>{b2124a53-0325-4450-b7b9-cc080b813ec3}</UniqueIdentifier>
    </Filter>
    <Filter Include="Object\Actor\Controller">
      <UniqueIdentifier>{6ba62f5f-6797-4287-af5b-daca9d18f024}</UniqueIdentifier>
    </Filter>
    <Filter Include="KeyEvent">
      <UniqueIdentifier>{a5e68de3-f761-4b38-a01b-72646931920e}</UniqueIdentifier>
    </Filter>
  </ItemGroup>
  <ItemGroup>
    <CopyFileToFolders Include="..\ThirdParty\FMOD\bin\Debug\fmodL.dll">
      <Filter>ThirdParty\FMOD\Debug</Filter>
    </CopyFileToFolders>
    <CopyFileToFolders Include="..\ThirdParty\FMOD\bin\Debug\fmodL_vc.lib">
      <Filter>ThirdParty\FMOD\Debug</Filter>
    </CopyFileToFolders>
    <CopyFileToFolders Include="..\ThirdParty\FMOD\bin\Release\fmod.dll">
      <Filter>ThirdParty\FMOD\Release</Filter>
    </CopyFileToFolders>
    <CopyFileToFolders Include="..\ThirdParty\FMOD\bin\Release\fmod_vc.lib">
      <Filter>ThirdParty\FMOD\Release</Filter>
    </CopyFileToFolders>
  </ItemGroup>
</Project>