<?xml version="1.0" encoding="utf-8"?>
<Project ToolsVersion="4.0" xmlns="http://schemas.microsoft.com/developer/msbuild/2003">
  <ItemGroup>
    <ClInclude Include="EngineFile.h">
      <Filter>IO</Filter>
    </ClInclude>
    <ClInclude Include="EngineMath.h">
      <Filter>Math</Filter>
    </ClInclude>
    <ClInclude Include="EngineDelegate.h">
      <Filter>Function</Filter>
    </ClInclude>
    <ClInclude Include="aepch.h">
      <Filter>PrecompiledHeader</Filter>
    </ClInclude>
    <ClInclude Include="EngineTimer.h">
      <Filter>Time</Filter>
    </ClInclude>
    <ClInclude Include="EngineDirectory.h">
      <Filter>IO</Filter>
    </ClInclude>
    <ClInclude Include="EnginePath.h">
      <Filter>IO</Filter>
    </ClInclude>
    <ClInclude Include="Object.h">
      <Filter>Object</Filter>
    </ClInclude>
    <ClInclude Include="EngineStringHelper.h">
      <Filter>String</Filter>
    </ClInclude>
    <ClInclude Include="EngineDebug.h">
      <Filter>Debug</Filter>
    </ClInclude>
    <ClInclude Include="EngineRandom.h">
      <Filter>Math</Filter>
    </ClInclude>
    <ClInclude Include="EngineSerializer.h">
      <Filter>IO</Filter>
    </ClInclude>
    <ClInclude Include="EngineResource.h">
      <Filter>Resource</Filter>
    </ClInclude>
  </ItemGroup>
  <ItemGroup>
    <ClCompile Include="EngineFile.cpp">
      <Filter>IO</Filter>
    </ClCompile>
    <ClCompile Include="EngineMath.cpp">
      <Filter>Math</Filter>
    </ClCompile>
    <ClCompile Include="EngineDelegate.cpp">
      <Filter>Function</Filter>
    </ClCompile>
    <ClCompile Include="aepch.cpp">
      <Filter>PrecompiledHeader</Filter>
    </ClCompile>
    <ClCompile Include="EngineTimer.cpp">
      <Filter>Time</Filter>
    </ClCompile>
    <ClCompile Include="EngineDirectory.cpp">
      <Filter>IO</Filter>
    </ClCompile>
    <ClCompile Include="EnginePath.cpp">
      <Filter>IO</Filter>
    </ClCompile>
    <ClCompile Include="Object.cpp">
      <Filter>Object</Filter>
    </ClCompile>
    <ClCompile Include="EngineStringHelper.cpp">
      <Filter>String</Filter>
    </ClCompile>
    <ClCompile Include="EngineRandom.cpp">
      <Filter>Math</Filter>
    </ClCompile>
    <ClCompile Include="EngineSerializer.cpp">
      <Filter>IO</Filter>
    </ClCompile>
    <ClCompile Include="EngineResource.cpp">
      <Filter>Resource</Filter>
    </ClCompile>
  </ItemGroup>
  <ItemGroup>
    <Filter Include="IO">
      <UniqueIdentifier>{61834f60-1002-4071-9e28-34087dfb4d09}</UniqueIdentifier>
    </Filter>
    <Filter Include="Math">
      <UniqueIdentifier>{ea7ef493-e79b-4081-9ac6-502c8d1eb677}</UniqueIdentifier>
    </Filter>
    <Filter Include="Function">
      <UniqueIdentifier>{d4b06c6e-fad7-46b9-b234-30b52535eaf0}</UniqueIdentifier>
    </Filter>
    <Filter Include="PrecompiledHeader">
      <UniqueIdentifier>{72afe10c-d407-4c9b-9aa4-cada566c7567}</UniqueIdentifier>
    </Filter>
    <Filter Include="Time">
      <UniqueIdentifier>{3e5b6b12-4e06-4e37-bfc3-79dce63bae53}</UniqueIdentifier>
    </Filter>
    <Filter Include="Object">
      <UniqueIdentifier>{c6495ecb-25bb-4490-a0ec-f3e778af7fd3}</UniqueIdentifier>
    </Filter>
    <Filter Include="String">
      <UniqueIdentifier>{078c6792-71a9-44da-9b77-a965d3458f53}</UniqueIdentifier>
    </Filter>
    <Filter Include="Debug">
      <UniqueIdentifier>{a0b6b9cb-8ffc-45c4-86cc-6d95f0bdb156}</UniqueIdentifier>
    </Filter>
    <Filter Include="Resource">
      <UniqueIdentifier>{24ac2b45-fd63-4769-99dd-553deac98a7c}</UniqueIdentifier>
    </Filter>
  </ItemGroup>
</Project>